
Microsoft Visual Studio Solution File, Format Version 12.00
# Visual Studio 2013
VisualStudioVersion = 12.0.21005.1
MinimumVisualStudioVersion = 10.0.40219.1
Project("{FAE04EC0-301F-11D3-BF4B-00C04F79EFBC}") = "botworld.bl", "botworld.bl\botworld.bl.csproj", "{55277194-2D70-4C5C-AF91-B1C7A68CF5CA}"
EndProject
Project("{2150E333-8FDC-42A3-9474-1A3956D46DE8}") = ".nuget", ".nuget", "{5A90D66F-7D16-458D-A288-467F3B0918F1}"
	ProjectSection(SolutionItems) = preProject
		.nuget\NuGet.Config = .nuget\NuGet.Config
		.nuget\NuGet.exe = .nuget\NuGet.exe
		.nuget\NuGet.targets = .nuget\NuGet.targets
	EndProjectSection
EndProject
Project("{FAE04EC0-301F-11D3-BF4B-00C04F79EFBC}") = "botworld.bl.tests", "botworld.bl.tests\botworld.bl.tests.csproj", "{354B0476-0CDB-4369-911E-30F089FD73AF}"
EndProject
Project("{FAE04EC0-301F-11D3-BF4B-00C04F79EFBC}") = "botworld.game", "botworld.game\botworld.game.csproj", "{176557AB-4793-44D7-9067-0201BD6531EC}"
EndProject
Project("{FAE04EC0-301F-11D3-BF4B-00C04F79EFBC}") = "botworld.ogmo", "botworld.ogmo\botworld.ogmo.csproj", "{DAB9A569-0856-45BA-8FFB-4B13E5A2F33F}"
EndProject
Project("{FAE04EC0-301F-11D3-BF4B-00C04F79EFBC}") = "botworld.ogmo.tests", "botworld.ogmo.tests\botworld.ogmo.tests.csproj", "{94F73FC4-40FF-4EDB-B56B-ADA7DAAFAFA4}"
EndProject
Project("{FAE04EC0-301F-11D3-BF4B-00C04F79EFBC}") = "botworld.otter", "botworld.otter\botworld.otter.csproj", "{03EFA6BA-5FBA-4A8A-ABB1-EE458675D7E3}"
EndProject
Project("{FAE04EC0-301F-11D3-BF4B-00C04F79EFBC}") = "otter", "externals\otter\otter.csproj", "{236485C2-A7BA-4DCD-808A-B3A634764402}"
EndProject
Project("{2150E333-8FDC-42A3-9474-1A3956D46DE8}") = "levels", "levels", "{BCE34B76-E6FF-4578-8E97-3D3D61AE548E}"
	ProjectSection(SolutionItems) = preProject
		levels\bot.png = levels\bot.png
		levels\botworld.oep = levels\botworld.oep
		levels\entities.psd = levels\entities.psd
		levels\gem.png = levels\gem.png
		levels\mine.png = levels\mine.png
		levels\test.oel = levels\test.oel
		levels\wall.png = levels\wall.png
	EndProjectSection
EndProject
Global
	GlobalSection(SolutionConfigurationPlatforms) = preSolution
		Debug|Any CPU = Debug|Any CPU
		Debug|Mixed Platforms = Debug|Mixed Platforms
		Debug|x86 = Debug|x86
		Release|Any CPU = Release|Any CPU
		Release|Mixed Platforms = Release|Mixed Platforms
		Release|x86 = Release|x86
	EndGlobalSection
	GlobalSection(ProjectConfigurationPlatforms) = postSolution
		{55277194-2D70-4C5C-AF91-B1C7A68CF5CA}.Debug|Any CPU.ActiveCfg = Debug|Any CPU
		{55277194-2D70-4C5C-AF91-B1C7A68CF5CA}.Debug|Any CPU.Build.0 = Debug|Any CPU
		{55277194-2D70-4C5C-AF91-B1C7A68CF5CA}.Debug|Mixed Platforms.ActiveCfg = Debug|Any CPU
		{55277194-2D70-4C5C-AF91-B1C7A68CF5CA}.Debug|Mixed Platforms.Build.0 = Debug|Any CPU
		{55277194-2D70-4C5C-AF91-B1C7A68CF5CA}.Debug|x86.ActiveCfg = Debug|Any CPU
		{55277194-2D70-4C5C-AF91-B1C7A68CF5CA}.Release|Any CPU.ActiveCfg = Release|Any CPU
		{55277194-2D70-4C5C-AF91-B1C7A68CF5CA}.Release|Any CPU.Build.0 = Release|Any CPU
		{55277194-2D70-4C5C-AF91-B1C7A68CF5CA}.Release|Mixed Platforms.ActiveCfg = Release|Any CPU
		{55277194-2D70-4C5C-AF91-B1C7A68CF5CA}.Release|Mixed Platforms.Build.0 = Release|Any CPU
		{55277194-2D70-4C5C-AF91-B1C7A68CF5CA}.Release|x86.ActiveCfg = Release|Any CPU
		{354B0476-0CDB-4369-911E-30F089FD73AF}.Debug|Any CPU.ActiveCfg = Debug|Any CPU
		{354B0476-0CDB-4369-911E-30F089FD73AF}.Debug|Any CPU.Build.0 = Debug|Any CPU
		{354B0476-0CDB-4369-911E-30F089FD73AF}.Debug|Mixed Platforms.ActiveCfg = Debug|Any CPU
		{354B0476-0CDB-4369-911E-30F089FD73AF}.Debug|Mixed Platforms.Build.0 = Debug|Any CPU
		{354B0476-0CDB-4369-911E-30F089FD73AF}.Debug|x86.ActiveCfg = Debug|Any CPU
		{354B0476-0CDB-4369-911E-30F089FD73AF}.Release|Any CPU.ActiveCfg = Release|Any CPU
		{354B0476-0CDB-4369-911E-30F089FD73AF}.Release|Any CPU.Build.0 = Release|Any CPU
		{354B0476-0CDB-4369-911E-30F089FD73AF}.Release|Mixed Platforms.ActiveCfg = Release|Any CPU
		{354B0476-0CDB-4369-911E-30F089FD73AF}.Release|Mixed Platforms.Build.0 = Release|Any CPU
		{354B0476-0CDB-4369-911E-30F089FD73AF}.Release|x86.ActiveCfg = Release|Any CPU
		{176557AB-4793-44D7-9067-0201BD6531EC}.Debug|Any CPU.ActiveCfg = Debug|Any CPU
		{176557AB-4793-44D7-9067-0201BD6531EC}.Debug|Any CPU.Build.0 = Debug|Any CPU
		{176557AB-4793-44D7-9067-0201BD6531EC}.Debug|Mixed Platforms.ActiveCfg = Debug|Any CPU
		{176557AB-4793-44D7-9067-0201BD6531EC}.Debug|Mixed Platforms.Build.0 = Debug|Any CPU
		{176557AB-4793-44D7-9067-0201BD6531EC}.Debug|x86.ActiveCfg = Debug|Any CPU
		{176557AB-4793-44D7-9067-0201BD6531EC}.Release|Any CPU.ActiveCfg = Release|Any CPU
		{176557AB-4793-44D7-9067-0201BD6531EC}.Release|Any CPU.Build.0 = Release|Any CPU
		{176557AB-4793-44D7-9067-0201BD6531EC}.Release|Mixed Platforms.ActiveCfg = Release|Any CPU
		{176557AB-4793-44D7-9067-0201BD6531EC}.Release|Mixed Platforms.Build.0 = Release|Any CPU
		{176557AB-4793-44D7-9067-0201BD6531EC}.Release|x86.ActiveCfg = Release|Any CPU
		{DAB9A569-0856-45BA-8FFB-4B13E5A2F33F}.Debug|Any CPU.ActiveCfg = Debug|Any CPU
		{DAB9A569-0856-45BA-8FFB-4B13E5A2F33F}.Debug|Any CPU.Build.0 = Debug|Any CPU
		{DAB9A569-0856-45BA-8FFB-4B13E5A2F33F}.Debug|Mixed Platforms.ActiveCfg = Debug|Any CPU
		{DAB9A569-0856-45BA-8FFB-4B13E5A2F33F}.Debug|Mixed Platforms.Build.0 = Debug|Any CPU
		{DAB9A569-0856-45BA-8FFB-4B13E5A2F33F}.Debug|x86.ActiveCfg = Debug|Any CPU
		{DAB9A569-0856-45BA-8FFB-4B13E5A2F33F}.Release|Any CPU.ActiveCfg = Release|Any CPU
		{DAB9A569-0856-45BA-8FFB-4B13E5A2F33F}.Release|Any CPU.Build.0 = Release|Any CPU
		{DAB9A569-0856-45BA-8FFB-4B13E5A2F33F}.Release|Mixed Platforms.ActiveCfg = Release|Any CPU
		{DAB9A569-0856-45BA-8FFB-4B13E5A2F33F}.Release|Mixed Platforms.Build.0 = Release|Any CPU
		{DAB9A569-0856-45BA-8FFB-4B13E5A2F33F}.Release|x86.ActiveCfg = Release|Any CPU
		{94F73FC4-40FF-4EDB-B56B-ADA7DAAFAFA4}.Debug|Any CPU.ActiveCfg = Debug|Any CPU
		{94F73FC4-40FF-4EDB-B56B-ADA7DAAFAFA4}.Debug|Any CPU.Build.0 = Debug|Any CPU
		{94F73FC4-40FF-4EDB-B56B-ADA7DAAFAFA4}.Debug|Mixed Platforms.ActiveCfg = Debug|Any CPU
		{94F73FC4-40FF-4EDB-B56B-ADA7DAAFAFA4}.Debug|Mixed Platforms.Build.0 = Debug|Any CPU
		{94F73FC4-40FF-4EDB-B56B-ADA7DAAFAFA4}.Debug|x86.ActiveCfg = Debug|Any CPU
		{94F73FC4-40FF-4EDB-B56B-ADA7DAAFAFA4}.Release|Any CPU.ActiveCfg = Release|Any CPU
		{94F73FC4-40FF-4EDB-B56B-ADA7DAAFAFA4}.Release|Any CPU.Build.0 = Release|Any CPU
		{94F73FC4-40FF-4EDB-B56B-ADA7DAAFAFA4}.Release|Mixed Platforms.ActiveCfg = Release|Any CPU
		{94F73FC4-40FF-4EDB-B56B-ADA7DAAFAFA4}.Release|Mixed Platforms.Build.0 = Release|Any CPU
		{94F73FC4-40FF-4EDB-B56B-ADA7DAAFAFA4}.Release|x86.ActiveCfg = Release|Any CPU
		{03EFA6BA-5FBA-4A8A-ABB1-EE458675D7E3}.Debug|Any CPU.ActiveCfg = Debug|Any CPU
		{03EFA6BA-5FBA-4A8A-ABB1-EE458675D7E3}.Debug|Any CPU.Build.0 = Debug|Any CPU
		{03EFA6BA-5FBA-4A8A-ABB1-EE458675D7E3}.Debug|Mixed Platforms.ActiveCfg = Debug|Any CPU
		{03EFA6BA-5FBA-4A8A-ABB1-EE458675D7E3}.Debug|Mixed Platforms.Build.0 = Debug|Any CPU
		{03EFA6BA-5FBA-4A8A-ABB1-EE458675D7E3}.Debug|x86.ActiveCfg = Debug|Any CPU
		{03EFA6BA-5FBA-4A8A-ABB1-EE458675D7E3}.Release|Any CPU.ActiveCfg = Release|Any CPU
		{03EFA6BA-5FBA-4A8A-ABB1-EE458675D7E3}.Release|Any CPU.Build.0 = Release|Any CPU
		{03EFA6BA-5FBA-4A8A-ABB1-EE458675D7E3}.Release|Mixed Platforms.ActiveCfg = Release|Any CPU
		{03EFA6BA-5FBA-4A8A-ABB1-EE458675D7E3}.Release|Mixed Platforms.Build.0 = Release|Any CPU
		{03EFA6BA-5FBA-4A8A-ABB1-EE458675D7E3}.Release|x86.ActiveCfg = Release|Any CPU
		{236485C2-A7BA-4DCD-808A-B3A634764402}.Debug|Any CPU.ActiveCfg = Debug|x86
		{236485C2-A7BA-4DCD-808A-B3A634764402}.Debug|Mixed Platforms.ActiveCfg = Debug|x86
		{236485C2-A7BA-4DCD-808A-B3A634764402}.Debug|Mixed Platforms.Build.0 = Debug|x86
		{236485C2-A7BA-4DCD-808A-B3A634764402}.Debug|x86.ActiveCfg = Debug|x86
		{236485C2-A7BA-4DCD-808A-B3A634764402}.Debug|x86.Build.0 = Debug|x86
		{236485C2-A7BA-4DCD-808A-B3A634764402}.Release|Any CPU.ActiveCfg = Release|x86
		{236485C2-A7BA-4DCD-808A-B3A634764402}.Release|Mixed Platforms.ActiveCfg = Release|x86
		{236485C2-A7BA-4DCD-808A-B3A634764402}.Release|Mixed Platforms.Build.0 = Release|x86
		{236485C2-A7BA-4DCD-808A-B3A634764402}.Release|x86.ActiveCfg = Release|x86
		{236485C2-A7BA-4DCD-808A-B3A634764402}.Release|x86.Build.0 = Release|x86
	EndGlobalSection
	GlobalSection(SolutionProperties) = preSolution
		HideSolutionNode = FALSE
	EndGlobalSection
EndGlobal
